// !$*UTF8*$!
{
	archiveVersion = 1;
	classes = {
	};
	objectVersion = 50;
	objects = {

/* Begin PBXBuildFile section */
		4C49E1244A0E28A4C66FC0E0 /* Pods_MomStrong.framework in Frameworks */ = {isa = PBXBuildFile; fileRef = C8CACDAEDE89C9FC26351721 /* Pods_MomStrong.framework */; };
		F70C157321BAD81600159C80 /* ChromeCastController.swift in Sources */ = {isa = PBXBuildFile; fileRef = F70C157221BAD81600159C80 /* ChromeCastController.swift */; };
		F70C157521BAD99200159C80 /* VideoPlayerView.swift in Sources */ = {isa = PBXBuildFile; fileRef = F70C157421BAD99200159C80 /* VideoPlayerView.swift */; };
		F71938C721AC978A00D8D349 /* Circuit.swift in Sources */ = {isa = PBXBuildFile; fileRef = F71938C621AC978A00D8D349 /* Circuit.swift */; };
		F71938C921AC9A8D00D8D349 /* WorkoutController.swift in Sources */ = {isa = PBXBuildFile; fileRef = F71938C821AC9A8D00D8D349 /* WorkoutController.swift */; };
		F71938CB21ACB7D100D8D349 /* ProgressController.swift in Sources */ = {isa = PBXBuildFile; fileRef = F71938CA21ACB7D100D8D349 /* ProgressController.swift */; };
		F733A40E21C9794100C29149 /* Poppins-Regular.ttf in Resources */ = {isa = PBXBuildFile; fileRef = F733A40D21C9794100C29149 /* Poppins-Regular.ttf */; };
		F733A41621C9A3BB00C29149 /* CustomLabel.swift in Sources */ = {isa = PBXBuildFile; fileRef = F733A41521C9A3BB00C29149 /* CustomLabel.swift */; };
		F733A41821C9A3D300C29149 /* CustomButton.swift in Sources */ = {isa = PBXBuildFile; fileRef = F733A41721C9A3D300C29149 /* CustomButton.swift */; };
		F733A41A21C9AB6300C29149 /* CustomTextField.swift in Sources */ = {isa = PBXBuildFile; fileRef = F733A41921C9AB6300C29149 /* CustomTextField.swift */; };
		F7362B9421C1CDED00391CC7 /* ModalPresentations.storyboard in Resources */ = {isa = PBXBuildFile; fileRef = F7362B9321C1CDED00391CC7 /* ModalPresentations.storyboard */; };
		F7362B9621C1CFC900391CC7 /* ModalPopUpViewController.swift in Sources */ = {isa = PBXBuildFile; fileRef = F7362B9521C1CFC900391CC7 /* ModalPopUpViewController.swift */; };
		F7362B9821C1DCB900391CC7 /* PlanListTableViewController.swift in Sources */ = {isa = PBXBuildFile; fileRef = F7362B9721C1DCB900391CC7 /* PlanListTableViewController.swift */; };
		F7362B9A21C1DE3C00391CC7 /* Plan.swift in Sources */ = {isa = PBXBuildFile; fileRef = F7362B9921C1DE3C00391CC7 /* Plan.swift */; };
		F741A1B021CB2CE500C1538B /* GymWorkoutHeader.xib in Resources */ = {isa = PBXBuildFile; fileRef = F741A1AF21CB2CE500C1538B /* GymWorkoutHeader.xib */; };
		F741A1B221CB2D2500C1538B /* GymWorkoutHeaderView.swift in Sources */ = {isa = PBXBuildFile; fileRef = F741A1B121CB2D2500C1538B /* GymWorkoutHeaderView.swift */; };
		F741A1B421CB2D5500C1538B /* GymExerciseCell.xib in Resources */ = {isa = PBXBuildFile; fileRef = F741A1B321CB2D5500C1538B /* GymExerciseCell.xib */; };
		F741A1B621CB2D7900C1538B /* GymExerciseCell.swift in Sources */ = {isa = PBXBuildFile; fileRef = F741A1B521CB2D7900C1538B /* GymExerciseCell.swift */; };
		F741A1B821CB2F5800C1538B /* GymWorkoutListTableViewController.swift in Sources */ = {isa = PBXBuildFile; fileRef = F741A1B721CB2F5800C1538B /* GymWorkoutListTableViewController.swift */; };
		F741A1BA21CB302B00C1538B /* GymRatWorkoutTableViewCell.swift in Sources */ = {isa = PBXBuildFile; fileRef = F741A1B921CB302B00C1538B /* GymRatWorkoutTableViewCell.swift */; };
		F741A1BE21CC180F00C1538B /* CircuitHeader.xib in Resources */ = {isa = PBXBuildFile; fileRef = F741A1BD21CC180F00C1538B /* CircuitHeader.xib */; };
		F741A1C021CC184A00C1538B /* CircuitHeaderView.swift in Sources */ = {isa = PBXBuildFile; fileRef = F741A1BF21CC184A00C1538B /* CircuitHeaderView.swift */; };
		F748D77C219A6B9600C4A840 /* AppDelegate.swift in Sources */ = {isa = PBXBuildFile; fileRef = F748D77B219A6B9600C4A840 /* AppDelegate.swift */; };
		F748D781219A6B9600C4A840 /* Main.storyboard in Resources */ = {isa = PBXBuildFile; fileRef = F748D77F219A6B9600C4A840 /* Main.storyboard */; };
		F748D784219A6B9600C4A840 /* MomStrong.xcdatamodeld in Sources */ = {isa = PBXBuildFile; fileRef = F748D782219A6B9600C4A840 /* MomStrong.xcdatamodeld */; };
		F748D786219A6B9700C4A840 /* Assets.xcassets in Resources */ = {isa = PBXBuildFile; fileRef = F748D785219A6B9700C4A840 /* Assets.xcassets */; };
		F748D789219A6B9700C4A840 /* LaunchScreen.storyboard in Resources */ = {isa = PBXBuildFile; fileRef = F748D787219A6B9700C4A840 /* LaunchScreen.storyboard */; };
		F75F6AFA21A9E2A7007561B3 /* SelfSizingTableView.swift in Sources */ = {isa = PBXBuildFile; fileRef = F75F6AF921A9E2A7007561B3 /* SelfSizingTableView.swift */; };
		F75F6AFE21AB5F0A007561B3 /* WeekProgressViewController.swift in Sources */ = {isa = PBXBuildFile; fileRef = F75F6AFD21AB5F0A007561B3 /* WeekProgressViewController.swift */; };
		F75F6B0021AB5F16007561B3 /* MonthProgressViewController.swift in Sources */ = {isa = PBXBuildFile; fileRef = F75F6AFF21AB5F16007561B3 /* MonthProgressViewController.swift */; };
		F75F6B0221AB5F20007561B3 /* YearProgressViewController.swift in Sources */ = {isa = PBXBuildFile; fileRef = F75F6B0121AB5F20007561B3 /* YearProgressViewController.swift */; };
		F75F6B0421AB5FED007561B3 /* ProgressViewController.swift in Sources */ = {isa = PBXBuildFile; fileRef = F75F6B0321AB5FED007561B3 /* ProgressViewController.swift */; };
		F75F6B0621AB648C007561B3 /* WeeklyGoalTableViewCell.swift in Sources */ = {isa = PBXBuildFile; fileRef = F75F6B0521AB648C007561B3 /* WeeklyGoalTableViewCell.swift */; };
		F75F6B0821AB64F5007561B3 /* Goal.swift in Sources */ = {isa = PBXBuildFile; fileRef = F75F6B0721AB64F5007561B3 /* Goal.swift */; };
		F75F6B0A21AB66AC007561B3 /* CalendarCollectionViewCell.swift in Sources */ = {isa = PBXBuildFile; fileRef = F75F6B0921AB66AC007561B3 /* CalendarCollectionViewCell.swift */; };
		F75F6B0C21AB66B7007561B3 /* MonthCollectionViewCell.swift in Sources */ = {isa = PBXBuildFile; fileRef = F75F6B0B21AB66B7007561B3 /* MonthCollectionViewCell.swift */; };
		F75F6B1521AB67C7007561B3 /* UserController.swift in Sources */ = {isa = PBXBuildFile; fileRef = F75F6B1421AB67C7007561B3 /* UserController.swift */; };
		F75F6B1821AB71E5007561B3 /* Progress.swift in Sources */ = {isa = PBXBuildFile; fileRef = F75F6B1721AB71E5007561B3 /* Progress.swift */; };
		F75F6B1A21AB8583007561B3 /* InfoViewController.swift in Sources */ = {isa = PBXBuildFile; fileRef = F75F6B1921AB8583007561B3 /* InfoViewController.swift */; };
		F75F6B1C21AB86A2007561B3 /* MegsMessage.storyboard in Resources */ = {isa = PBXBuildFile; fileRef = F75F6B1B21AB86A2007561B3 /* MegsMessage.storyboard */; };
		F760E1C721CDC4200027A9E6 /* PoppinsLightButton.swift in Sources */ = {isa = PBXBuildFile; fileRef = F760E1C621CDC4200027A9E6 /* PoppinsLightButton.swift */; };
		F77926F321B1B068007D9DF9 /* Float.swift in Sources */ = {isa = PBXBuildFile; fileRef = F77926F221B1B068007D9DF9 /* Float.swift */; };
		F77926F521B1B252007D9DF9 /* SegmentProgressViewControllerDelegate.swift in Sources */ = {isa = PBXBuildFile; fileRef = F77926F421B1B252007D9DF9 /* SegmentProgressViewControllerDelegate.swift */; };
		F782C8B121C31F2B00D255F5 /* FollowViewController.swift in Sources */ = {isa = PBXBuildFile; fileRef = F782C8B021C31F2B00D255F5 /* FollowViewController.swift */; };
		F787C4B221B5A1650066D81C /* VimeoClient.swift in Sources */ = {isa = PBXBuildFile; fileRef = F787C4B121B5A1650066D81C /* VimeoClient.swift */; };
		F787C4B421B5A2020066D81C /* VimeoInfoObject.swift in Sources */ = {isa = PBXBuildFile; fileRef = F787C4B321B5A2020066D81C /* VimeoInfoObject.swift */; };
		F787C4B821B5AF3B0066D81C /* Workout.swift in Sources */ = {isa = PBXBuildFile; fileRef = F787C4B721B5AF3B0066D81C /* Workout.swift */; };
		F789033D21BEDDC700705BC2 /* AccountViewController.swift in Sources */ = {isa = PBXBuildFile; fileRef = F789033C21BEDDC700705BC2 /* AccountViewController.swift */; };
		F789033F21BEE1FF00705BC2 /* NotificationSettingsViewController.swift in Sources */ = {isa = PBXBuildFile; fileRef = F789033E21BEE1FF00705BC2 /* NotificationSettingsViewController.swift */; };
		F789034121BEE2F800705BC2 /* NotificationController.swift in Sources */ = {isa = PBXBuildFile; fileRef = F789034021BEE2F800705BC2 /* NotificationController.swift */; };
		F789034321BF155D00705BC2 /* TransparentNavigationController.swift in Sources */ = {isa = PBXBuildFile; fileRef = F789034221BF155D00705BC2 /* TransparentNavigationController.swift */; };
		F789034521BF220400705BC2 /* PasswordResetViewController.swift in Sources */ = {isa = PBXBuildFile; fileRef = F789034421BF220400705BC2 /* PasswordResetViewController.swift */; };
		F78C6BD621B1BC8600922B3F /* ProgressHeaderView.xib in Resources */ = {isa = PBXBuildFile; fileRef = F78C6BD521B1BC8600922B3F /* ProgressHeaderView.xib */; };
		F78C6BD821B1BD0700922B3F /* ProgressHeaderView.swift in Sources */ = {isa = PBXBuildFile; fileRef = F78C6BD721B1BD0700922B3F /* ProgressHeaderView.swift */; };
		F78C6BDA21B1C31900922B3F /* StyleGuide.swift in Sources */ = {isa = PBXBuildFile; fileRef = F78C6BD921B1C31900922B3F /* StyleGuide.swift */; };
		F7A44BD321BDE1C60020D13F /* CalenderHelper.swift in Sources */ = {isa = PBXBuildFile; fileRef = F7A44BD221BDE1C60020D13F /* CalenderHelper.swift */; };
		F7A44BD721BE663E0020D13F /* MegsMessageViewController.swift in Sources */ = {isa = PBXBuildFile; fileRef = F7A44BD621BE663E0020D13F /* MegsMessageViewController.swift */; };
		F7AC66F021C255B80000017A /* Button+Extension.swift in Sources */ = {isa = PBXBuildFile; fileRef = F7AC66EF21C255B80000017A /* Button+Extension.swift */; };
		F7AC66F221C31CC80000017A /* ShareViewController.swift in Sources */ = {isa = PBXBuildFile; fileRef = F7AC66F121C31CC80000017A /* ShareViewController.swift */; };
		F7D3C03A21A337AB005D6B8F /* AtHomeWorkoutTableViewCell.swift in Sources */ = {isa = PBXBuildFile; fileRef = F7D3C03921A337AB005D6B8F /* AtHomeWorkoutTableViewCell.swift */; };
		F7D3C03D21A33C57005D6B8F /* AtHomeWorkoutDetailViewController.swift in Sources */ = {isa = PBXBuildFile; fileRef = F7D3C03C21A33C57005D6B8F /* AtHomeWorkoutDetailViewController.swift */; };
		F7D3C03F21A33F84005D6B8F /* WorkoutSectionTableViewCell.swift in Sources */ = {isa = PBXBuildFile; fileRef = F7D3C03E21A33F84005D6B8F /* WorkoutSectionTableViewCell.swift */; };
		F7DE981B21C9660700722226 /* PlanTableViewCell.swift in Sources */ = {isa = PBXBuildFile; fileRef = F7DE981A21C9660700722226 /* PlanTableViewCell.swift */; };
		F7E7F3A821ADF94000BA8FF8 /* UserService.swift in Sources */ = {isa = PBXBuildFile; fileRef = F7E7F3A721ADF94000BA8FF8 /* UserService.swift */; };
		F7E7F3AA21ADFD9D00BA8FF8 /* CoreDataStack.swift in Sources */ = {isa = PBXBuildFile; fileRef = F7E7F3A921ADFD9D00BA8FF8 /* CoreDataStack.swift */; };
		F7E7F3AC21AE0B4E00BA8FF8 /* LaunchCopyViewController.swift in Sources */ = {isa = PBXBuildFile; fileRef = F7E7F3AB21AE0B4E00BA8FF8 /* LaunchCopyViewController.swift */; };
		F7E7F3AE21AF09A200BA8FF8 /* WelcomeViewController.swift in Sources */ = {isa = PBXBuildFile; fileRef = F7E7F3AD21AF09A200BA8FF8 /* WelcomeViewController.swift */; };
		F7E7F3B121AF0A0800BA8FF8 /* LoginViewController.swift in Sources */ = {isa = PBXBuildFile; fileRef = F7E7F3B021AF0A0800BA8FF8 /* LoginViewController.swift */; };
		F7E7F3B321AF0A1100BA8FF8 /* SignUpViewController.swift in Sources */ = {isa = PBXBuildFile; fileRef = F7E7F3B221AF0A1100BA8FF8 /* SignUpViewController.swift */; };
		F7E7F3B521AF0E4A00BA8FF8 /* ViewControllerExtension.swift in Sources */ = {isa = PBXBuildFile; fileRef = F7E7F3B421AF0E4A00BA8FF8 /* ViewControllerExtension.swift */; };
		F7E7F3B721AF5DBC00BA8FF8 /* WorkoutProgressPoint.swift in Sources */ = {isa = PBXBuildFile; fileRef = F7E7F3B621AF5DBC00BA8FF8 /* WorkoutProgressPoint.swift */; };
		F7E8188D21CD726D00492330 /* PopinsLightLabel.swift in Sources */ = {isa = PBXBuildFile; fileRef = F7E8188C21CD726D00492330 /* PopinsLightLabel.swift */; };
		F7E8189021CD730300492330 /* PoppinsExtraLight.swift in Sources */ = {isa = PBXBuildFile; fileRef = F7E8188F21CD730300492330 /* PoppinsExtraLight.swift */; };
		F7E8189221CD732A00492330 /* PoppinsSemiBoldLabel.swift in Sources */ = {isa = PBXBuildFile; fileRef = F7E8189121CD732A00492330 /* PoppinsSemiBoldLabel.swift */; };
		F7E8189421CD741E00492330 /* Poppins-ExtraLight.ttf in Resources */ = {isa = PBXBuildFile; fileRef = F7E8189321CD741E00492330 /* Poppins-ExtraLight.ttf */; };
		F7E8189621CD742A00492330 /* Poppins-Light.ttf in Resources */ = {isa = PBXBuildFile; fileRef = F7E8189521CD742A00492330 /* Poppins-Light.ttf */; };
		F7E8189821CD743600492330 /* Poppins-SemiBold.ttf in Resources */ = {isa = PBXBuildFile; fileRef = F7E8189721CD743600492330 /* Poppins-SemiBold.ttf */; };
		F7E8189A21CD79E600492330 /* AtHomeExerciseTableViewCell.swift in Sources */ = {isa = PBXBuildFile; fileRef = F7E8189921CD79E600492330 /* AtHomeExerciseTableViewCell.swift */; };
		F7EFB76221CC2050008CD7FF /* MarkAsCompleteView.swift in Sources */ = {isa = PBXBuildFile; fileRef = F7EFB76121CC2050008CD7FF /* MarkAsCompleteView.swift */; };
		F7EFB76421CC2073008CD7FF /* MarkAsCompleteView.xib in Resources */ = {isa = PBXBuildFile; fileRef = F7EFB76321CC2073008CD7FF /* MarkAsCompleteView.xib */; };
		F7F03486219B904200CFD0AE /* Welcome.storyboard in Resources */ = {isa = PBXBuildFile; fileRef = F7F03485219B904200CFD0AE /* Welcome.storyboard */; };
		F7F03488219B971D00CFD0AE /* Info.storyboard in Resources */ = {isa = PBXBuildFile; fileRef = F7F03487219B971D00CFD0AE /* Info.storyboard */; };
		F7F0348C219BED7200CFD0AE /* WorkoutService.swift in Sources */ = {isa = PBXBuildFile; fileRef = F7F0348B219BED7200CFD0AE /* WorkoutService.swift */; };
		F7F0348E219BEE4400CFD0AE /* Exercise.swift in Sources */ = {isa = PBXBuildFile; fileRef = F7F0348D219BEE4400CFD0AE /* Exercise.swift */; };
		F7F03493219BEF2100CFD0AE /* User.swift in Sources */ = {isa = PBXBuildFile; fileRef = F7F03492219BEF2100CFD0AE /* User.swift */; };
		F7F03497219DF4B700CFD0AE /* Gymrat.storyboard in Resources */ = {isa = PBXBuildFile; fileRef = F7F03496219DF4B700CFD0AE /* Gymrat.storyboard */; };
		F7F03499219DF53100CFD0AE /* Progress.storyboard in Resources */ = {isa = PBXBuildFile; fileRef = F7F03498219DF53100CFD0AE /* Progress.storyboard */; };
		F7F0349B219DFF3600CFD0AE /* MomStrongTabBarController.swift in Sources */ = {isa = PBXBuildFile; fileRef = F7F0349A219DFF3600CFD0AE /* MomStrongTabBarController.swift */; };
		F7F0349D219E0E0600CFD0AE /* AtHomeWorkoutTableViewController.swift in Sources */ = {isa = PBXBuildFile; fileRef = F7F0349C219E0E0600CFD0AE /* AtHomeWorkoutTableViewController.swift */; };
/* End PBXBuildFile section */

/* Begin PBXFileReference section */
		3F14A4A0D86105821CBE2F5A /* Pods-MomStrong.debug.xcconfig */ = {isa = PBXFileReference; includeInIndex = 1; lastKnownFileType = text.xcconfig; name = "Pods-MomStrong.debug.xcconfig"; path = "Pods/Target Support Files/Pods-MomStrong/Pods-MomStrong.debug.xcconfig"; sourceTree = "<group>"; };
		830AB205AB4B322D7623A596 /* Pods-MomStrong.release.xcconfig */ = {isa = PBXFileReference; includeInIndex = 1; lastKnownFileType = text.xcconfig; name = "Pods-MomStrong.release.xcconfig"; path = "Pods/Target Support Files/Pods-MomStrong/Pods-MomStrong.release.xcconfig"; sourceTree = "<group>"; };
		C8CACDAEDE89C9FC26351721 /* Pods_MomStrong.framework */ = {isa = PBXFileReference; explicitFileType = wrapper.framework; includeInIndex = 0; path = Pods_MomStrong.framework; sourceTree = BUILT_PRODUCTS_DIR; };
		F70C157221BAD81600159C80 /* ChromeCastController.swift */ = {isa = PBXFileReference; lastKnownFileType = sourcecode.swift; path = ChromeCastController.swift; sourceTree = "<group>"; };
		F70C157421BAD99200159C80 /* VideoPlayerView.swift */ = {isa = PBXFileReference; lastKnownFileType = sourcecode.swift; path = VideoPlayerView.swift; sourceTree = "<group>"; };
		F71938C621AC978A00D8D349 /* Circuit.swift */ = {isa = PBXFileReference; lastKnownFileType = sourcecode.swift; path = Circuit.swift; sourceTree = "<group>"; };
		F71938C821AC9A8D00D8D349 /* WorkoutController.swift */ = {isa = PBXFileReference; lastKnownFileType = sourcecode.swift; path = WorkoutController.swift; sourceTree = "<group>"; };
		F71938CA21ACB7D100D8D349 /* ProgressController.swift */ = {isa = PBXFileReference; lastKnownFileType = sourcecode.swift; path = ProgressController.swift; sourceTree = "<group>"; };
		F733A40D21C9794100C29149 /* Poppins-Regular.ttf */ = {isa = PBXFileReference; lastKnownFileType = file; path = "Poppins-Regular.ttf"; sourceTree = "<group>"; };
		F733A41521C9A3BB00C29149 /* CustomLabel.swift */ = {isa = PBXFileReference; lastKnownFileType = sourcecode.swift; path = CustomLabel.swift; sourceTree = "<group>"; };
		F733A41721C9A3D300C29149 /* CustomButton.swift */ = {isa = PBXFileReference; lastKnownFileType = sourcecode.swift; path = CustomButton.swift; sourceTree = "<group>"; };
		F733A41921C9AB6300C29149 /* CustomTextField.swift */ = {isa = PBXFileReference; lastKnownFileType = sourcecode.swift; path = CustomTextField.swift; sourceTree = "<group>"; };
		F7362B9321C1CDED00391CC7 /* ModalPresentations.storyboard */ = {isa = PBXFileReference; lastKnownFileType = file.storyboard; path = ModalPresentations.storyboard; sourceTree = "<group>"; };
		F7362B9521C1CFC900391CC7 /* ModalPopUpViewController.swift */ = {isa = PBXFileReference; lastKnownFileType = sourcecode.swift; path = ModalPopUpViewController.swift; sourceTree = "<group>"; };
		F7362B9721C1DCB900391CC7 /* PlanListTableViewController.swift */ = {isa = PBXFileReference; lastKnownFileType = sourcecode.swift; path = PlanListTableViewController.swift; sourceTree = "<group>"; };
		F7362B9921C1DE3C00391CC7 /* Plan.swift */ = {isa = PBXFileReference; lastKnownFileType = sourcecode.swift; path = Plan.swift; sourceTree = "<group>"; };
		F741A1AF21CB2CE500C1538B /* GymWorkoutHeader.xib */ = {isa = PBXFileReference; lastKnownFileType = file.xib; path = GymWorkoutHeader.xib; sourceTree = "<group>"; };
		F741A1B121CB2D2500C1538B /* GymWorkoutHeaderView.swift */ = {isa = PBXFileReference; lastKnownFileType = sourcecode.swift; path = GymWorkoutHeaderView.swift; sourceTree = "<group>"; };
		F741A1B321CB2D5500C1538B /* GymExerciseCell.xib */ = {isa = PBXFileReference; lastKnownFileType = file.xib; path = GymExerciseCell.xib; sourceTree = "<group>"; };
		F741A1B521CB2D7900C1538B /* GymExerciseCell.swift */ = {isa = PBXFileReference; lastKnownFileType = sourcecode.swift; path = GymExerciseCell.swift; sourceTree = "<group>"; };
		F741A1B721CB2F5800C1538B /* GymWorkoutListTableViewController.swift */ = {isa = PBXFileReference; lastKnownFileType = sourcecode.swift; path = GymWorkoutListTableViewController.swift; sourceTree = "<group>"; };
		F741A1B921CB302B00C1538B /* GymRatWorkoutTableViewCell.swift */ = {isa = PBXFileReference; lastKnownFileType = sourcecode.swift; path = GymRatWorkoutTableViewCell.swift; sourceTree = "<group>"; };
		F741A1BD21CC180F00C1538B /* CircuitHeader.xib */ = {isa = PBXFileReference; lastKnownFileType = file.xib; path = CircuitHeader.xib; sourceTree = "<group>"; };
		F741A1BF21CC184A00C1538B /* CircuitHeaderView.swift */ = {isa = PBXFileReference; lastKnownFileType = sourcecode.swift; path = CircuitHeaderView.swift; sourceTree = "<group>"; };
		F748D778219A6B9600C4A840 /* MomStrong.app */ = {isa = PBXFileReference; explicitFileType = wrapper.application; includeInIndex = 0; path = MomStrong.app; sourceTree = BUILT_PRODUCTS_DIR; };
		F748D77B219A6B9600C4A840 /* AppDelegate.swift */ = {isa = PBXFileReference; lastKnownFileType = sourcecode.swift; path = AppDelegate.swift; sourceTree = "<group>"; };
		F748D780219A6B9600C4A840 /* Base */ = {isa = PBXFileReference; lastKnownFileType = file.storyboard; name = Base; path = Base.lproj/Main.storyboard; sourceTree = "<group>"; };
		F748D783219A6B9600C4A840 /* MomStrong.xcdatamodel */ = {isa = PBXFileReference; lastKnownFileType = wrapper.xcdatamodel; path = MomStrong.xcdatamodel; sourceTree = "<group>"; };
		F748D785219A6B9700C4A840 /* Assets.xcassets */ = {isa = PBXFileReference; lastKnownFileType = folder.assetcatalog; path = Assets.xcassets; sourceTree = "<group>"; };
		F748D788219A6B9700C4A840 /* Base */ = {isa = PBXFileReference; lastKnownFileType = file.storyboard; name = Base; path = Base.lproj/LaunchScreen.storyboard; sourceTree = "<group>"; };
		F748D78A219A6B9700C4A840 /* Info.plist */ = {isa = PBXFileReference; lastKnownFileType = text.plist.xml; path = Info.plist; sourceTree = "<group>"; };
		F749BC5821B84E7500F8A009 /* MomStrong.entitlements */ = {isa = PBXFileReference; lastKnownFileType = text.plist.entitlements; path = MomStrong.entitlements; sourceTree = "<group>"; };
		F75F6AF921A9E2A7007561B3 /* SelfSizingTableView.swift */ = {isa = PBXFileReference; lastKnownFileType = sourcecode.swift; path = SelfSizingTableView.swift; sourceTree = "<group>"; };
		F75F6AFD21AB5F0A007561B3 /* WeekProgressViewController.swift */ = {isa = PBXFileReference; lastKnownFileType = sourcecode.swift; path = WeekProgressViewController.swift; sourceTree = "<group>"; };
		F75F6AFF21AB5F16007561B3 /* MonthProgressViewController.swift */ = {isa = PBXFileReference; lastKnownFileType = sourcecode.swift; path = MonthProgressViewController.swift; sourceTree = "<group>"; };
		F75F6B0121AB5F20007561B3 /* YearProgressViewController.swift */ = {isa = PBXFileReference; lastKnownFileType = sourcecode.swift; path = YearProgressViewController.swift; sourceTree = "<group>"; };
		F75F6B0321AB5FED007561B3 /* ProgressViewController.swift */ = {isa = PBXFileReference; lastKnownFileType = sourcecode.swift; path = ProgressViewController.swift; sourceTree = "<group>"; };
		F75F6B0521AB648C007561B3 /* WeeklyGoalTableViewCell.swift */ = {isa = PBXFileReference; lastKnownFileType = sourcecode.swift; path = WeeklyGoalTableViewCell.swift; sourceTree = "<group>"; };
		F75F6B0721AB64F5007561B3 /* Goal.swift */ = {isa = PBXFileReference; lastKnownFileType = sourcecode.swift; path = Goal.swift; sourceTree = "<group>"; };
		F75F6B0921AB66AC007561B3 /* CalendarCollectionViewCell.swift */ = {isa = PBXFileReference; lastKnownFileType = sourcecode.swift; path = CalendarCollectionViewCell.swift; sourceTree = "<group>"; };
		F75F6B0B21AB66B7007561B3 /* MonthCollectionViewCell.swift */ = {isa = PBXFileReference; lastKnownFileType = sourcecode.swift; path = MonthCollectionViewCell.swift; sourceTree = "<group>"; };
		F75F6B1421AB67C7007561B3 /* UserController.swift */ = {isa = PBXFileReference; lastKnownFileType = sourcecode.swift; path = UserController.swift; sourceTree = "<group>"; };
		F75F6B1721AB71E5007561B3 /* Progress.swift */ = {isa = PBXFileReference; lastKnownFileType = sourcecode.swift; path = Progress.swift; sourceTree = "<group>"; };
		F75F6B1921AB8583007561B3 /* InfoViewController.swift */ = {isa = PBXFileReference; lastKnownFileType = sourcecode.swift; path = InfoViewController.swift; sourceTree = "<group>"; };
		F75F6B1B21AB86A2007561B3 /* MegsMessage.storyboard */ = {isa = PBXFileReference; lastKnownFileType = file.storyboard; path = MegsMessage.storyboard; sourceTree = "<group>"; };
		F760E1C621CDC4200027A9E6 /* PoppinsLightButton.swift */ = {isa = PBXFileReference; lastKnownFileType = sourcecode.swift; name = PoppinsLightButton.swift; path = Momstrong/Views/CustomViews/CustomFontElements/PoppinsLightButton.swift; sourceTree = SOURCE_ROOT; };
		F77926F221B1B068007D9DF9 /* Float.swift */ = {isa = PBXFileReference; lastKnownFileType = sourcecode.swift; path = Float.swift; sourceTree = "<group>"; };
		F77926F421B1B252007D9DF9 /* SegmentProgressViewControllerDelegate.swift */ = {isa = PBXFileReference; lastKnownFileType = sourcecode.swift; path = SegmentProgressViewControllerDelegate.swift; sourceTree = "<group>"; };
		F782C8B021C31F2B00D255F5 /* FollowViewController.swift */ = {isa = PBXFileReference; lastKnownFileType = sourcecode.swift; path = FollowViewController.swift; sourceTree = "<group>"; };
		F787C4B121B5A1650066D81C /* VimeoClient.swift */ = {isa = PBXFileReference; lastKnownFileType = sourcecode.swift; path = VimeoClient.swift; sourceTree = "<group>"; };
		F787C4B321B5A2020066D81C /* VimeoInfoObject.swift */ = {isa = PBXFileReference; lastKnownFileType = sourcecode.swift; path = VimeoInfoObject.swift; sourceTree = "<group>"; };
		F787C4B721B5AF3B0066D81C /* Workout.swift */ = {isa = PBXFileReference; lastKnownFileType = sourcecode.swift; path = Workout.swift; sourceTree = "<group>"; };
		F789033C21BEDDC700705BC2 /* AccountViewController.swift */ = {isa = PBXFileReference; lastKnownFileType = sourcecode.swift; path = AccountViewController.swift; sourceTree = "<group>"; };
		F789033E21BEE1FF00705BC2 /* NotificationSettingsViewController.swift */ = {isa = PBXFileReference; lastKnownFileType = sourcecode.swift; path = NotificationSettingsViewController.swift; sourceTree = "<group>"; };
		F789034021BEE2F800705BC2 /* NotificationController.swift */ = {isa = PBXFileReference; lastKnownFileType = sourcecode.swift; path = NotificationController.swift; sourceTree = "<group>"; };
		F789034221BF155D00705BC2 /* TransparentNavigationController.swift */ = {isa = PBXFileReference; lastKnownFileType = sourcecode.swift; path = TransparentNavigationController.swift; sourceTree = "<group>"; };
		F789034421BF220400705BC2 /* PasswordResetViewController.swift */ = {isa = PBXFileReference; lastKnownFileType = sourcecode.swift; path = PasswordResetViewController.swift; sourceTree = "<group>"; };
		F78C6BD521B1BC8600922B3F /* ProgressHeaderView.xib */ = {isa = PBXFileReference; lastKnownFileType = file.xib; path = ProgressHeaderView.xib; sourceTree = "<group>"; };
		F78C6BD721B1BD0700922B3F /* ProgressHeaderView.swift */ = {isa = PBXFileReference; lastKnownFileType = sourcecode.swift; path = ProgressHeaderView.swift; sourceTree = "<group>"; };
		F78C6BD921B1C31900922B3F /* StyleGuide.swift */ = {isa = PBXFileReference; lastKnownFileType = sourcecode.swift; path = StyleGuide.swift; sourceTree = "<group>"; };
		F7A44BD221BDE1C60020D13F /* CalenderHelper.swift */ = {isa = PBXFileReference; lastKnownFileType = sourcecode.swift; path = CalenderHelper.swift; sourceTree = "<group>"; };
		F7A44BD621BE663E0020D13F /* MegsMessageViewController.swift */ = {isa = PBXFileReference; lastKnownFileType = sourcecode.swift; path = MegsMessageViewController.swift; sourceTree = "<group>"; };
		F7AC66EF21C255B80000017A /* Button+Extension.swift */ = {isa = PBXFileReference; lastKnownFileType = sourcecode.swift; path = "Button+Extension.swift"; sourceTree = "<group>"; };
		F7AC66F121C31CC80000017A /* ShareViewController.swift */ = {isa = PBXFileReference; lastKnownFileType = sourcecode.swift; path = ShareViewController.swift; sourceTree = "<group>"; };
		F7D3C03921A337AB005D6B8F /* AtHomeWorkoutTableViewCell.swift */ = {isa = PBXFileReference; lastKnownFileType = sourcecode.swift; path = AtHomeWorkoutTableViewCell.swift; sourceTree = "<group>"; };
		F7D3C03C21A33C57005D6B8F /* AtHomeWorkoutDetailViewController.swift */ = {isa = PBXFileReference; lastKnownFileType = sourcecode.swift; path = AtHomeWorkoutDetailViewController.swift; sourceTree = "<group>"; };
		F7D3C03E21A33F84005D6B8F /* WorkoutSectionTableViewCell.swift */ = {isa = PBXFileReference; lastKnownFileType = sourcecode.swift; path = WorkoutSectionTableViewCell.swift; sourceTree = "<group>"; };
		F7DE981A21C9660700722226 /* PlanTableViewCell.swift */ = {isa = PBXFileReference; lastKnownFileType = sourcecode.swift; path = PlanTableViewCell.swift; sourceTree = "<group>"; };
		F7E7F3A721ADF94000BA8FF8 /* UserService.swift */ = {isa = PBXFileReference; lastKnownFileType = sourcecode.swift; path = UserService.swift; sourceTree = "<group>"; };
		F7E7F3A921ADFD9D00BA8FF8 /* CoreDataStack.swift */ = {isa = PBXFileReference; lastKnownFileType = sourcecode.swift; path = CoreDataStack.swift; sourceTree = "<group>"; };
		F7E7F3AB21AE0B4E00BA8FF8 /* LaunchCopyViewController.swift */ = {isa = PBXFileReference; lastKnownFileType = sourcecode.swift; path = LaunchCopyViewController.swift; sourceTree = "<group>"; };
		F7E7F3AD21AF09A200BA8FF8 /* WelcomeViewController.swift */ = {isa = PBXFileReference; lastKnownFileType = sourcecode.swift; path = WelcomeViewController.swift; sourceTree = "<group>"; };
		F7E7F3B021AF0A0800BA8FF8 /* LoginViewController.swift */ = {isa = PBXFileReference; lastKnownFileType = sourcecode.swift; path = LoginViewController.swift; sourceTree = "<group>"; };
		F7E7F3B221AF0A1100BA8FF8 /* SignUpViewController.swift */ = {isa = PBXFileReference; lastKnownFileType = sourcecode.swift; path = SignUpViewController.swift; sourceTree = "<group>"; };
		F7E7F3B421AF0E4A00BA8FF8 /* ViewControllerExtension.swift */ = {isa = PBXFileReference; lastKnownFileType = sourcecode.swift; name = ViewControllerExtension.swift; path = MomStrong/ModelControllers/ViewControllerExtension.swift; sourceTree = SOURCE_ROOT; };
		F7E7F3B621AF5DBC00BA8FF8 /* WorkoutProgressPoint.swift */ = {isa = PBXFileReference; lastKnownFileType = sourcecode.swift; path = WorkoutProgressPoint.swift; sourceTree = "<group>"; };
		F7E8188C21CD726D00492330 /* PopinsLightLabel.swift */ = {isa = PBXFileReference; lastKnownFileType = sourcecode.swift; name = PopinsLightLabel.swift; path = Momstrong/Views/CustomViews/CustomFontElements/PopinsLightLabel.swift; sourceTree = SOURCE_ROOT; };
		F7E8188F21CD730300492330 /* PoppinsExtraLight.swift */ = {isa = PBXFileReference; lastKnownFileType = sourcecode.swift; name = PoppinsExtraLight.swift; path = Momstrong/Views/CustomViews/CustomFontElements/PoppinsExtraLight.swift; sourceTree = SOURCE_ROOT; };
		F7E8189121CD732A00492330 /* PoppinsSemiBoldLabel.swift */ = {isa = PBXFileReference; lastKnownFileType = sourcecode.swift; name = PoppinsSemiBoldLabel.swift; path = Momstrong/Views/CustomViews/CustomFontElements/PoppinsSemiBoldLabel.swift; sourceTree = SOURCE_ROOT; };
		F7E8189321CD741E00492330 /* Poppins-ExtraLight.ttf */ = {isa = PBXFileReference; lastKnownFileType = file; path = "Poppins-ExtraLight.ttf"; sourceTree = "<group>"; };
		F7E8189521CD742A00492330 /* Poppins-Light.ttf */ = {isa = PBXFileReference; lastKnownFileType = file; path = "Poppins-Light.ttf"; sourceTree = "<group>"; };
		F7E8189721CD743600492330 /* Poppins-SemiBold.ttf */ = {isa = PBXFileReference; lastKnownFileType = file; path = "Poppins-SemiBold.ttf"; sourceTree = "<group>"; };
		F7E8189921CD79E600492330 /* AtHomeExerciseTableViewCell.swift */ = {isa = PBXFileReference; lastKnownFileType = sourcecode.swift; name = AtHomeExerciseTableViewCell.swift; path = Momstrong/Views/AtHomeCells/AtHomeExerciseTableViewCell.swift; sourceTree = SOURCE_ROOT; };
		F7EFB76121CC2050008CD7FF /* MarkAsCompleteView.swift */ = {isa = PBXFileReference; lastKnownFileType = sourcecode.swift; path = MarkAsCompleteView.swift; sourceTree = "<group>"; };
		F7EFB76321CC2073008CD7FF /* MarkAsCompleteView.xib */ = {isa = PBXFileReference; lastKnownFileType = file.xib; path = MarkAsCompleteView.xib; sourceTree = "<group>"; };
		F7F03485219B904200CFD0AE /* Welcome.storyboard */ = {isa = PBXFileReference; lastKnownFileType = file.storyboard; path = Welcome.storyboard; sourceTree = "<group>"; };
		F7F03487219B971D00CFD0AE /* Info.storyboard */ = {isa = PBXFileReference; lastKnownFileType = file.storyboard; path = Info.storyboard; sourceTree = "<group>"; };
		F7F0348B219BED7200CFD0AE /* WorkoutService.swift */ = {isa = PBXFileReference; lastKnownFileType = sourcecode.swift; path = WorkoutService.swift; sourceTree = "<group>"; };
		F7F0348D219BEE4400CFD0AE /* Exercise.swift */ = {isa = PBXFileReference; lastKnownFileType = sourcecode.swift; path = Exercise.swift; sourceTree = "<group>"; };
		F7F03492219BEF2100CFD0AE /* User.swift */ = {isa = PBXFileReference; lastKnownFileType = sourcecode.swift; path = User.swift; sourceTree = "<group>"; };
		F7F03496219DF4B700CFD0AE /* Gymrat.storyboard */ = {isa = PBXFileReference; lastKnownFileType = file.storyboard; path = Gymrat.storyboard; sourceTree = "<group>"; };
		F7F03498219DF53100CFD0AE /* Progress.storyboard */ = {isa = PBXFileReference; lastKnownFileType = file.storyboard; path = Progress.storyboard; sourceTree = "<group>"; };
		F7F0349A219DFF3600CFD0AE /* MomStrongTabBarController.swift */ = {isa = PBXFileReference; lastKnownFileType = sourcecode.swift; path = MomStrongTabBarController.swift; sourceTree = "<group>"; };
		F7F0349C219E0E0600CFD0AE /* AtHomeWorkoutTableViewController.swift */ = {isa = PBXFileReference; lastKnownFileType = sourcecode.swift; path = AtHomeWorkoutTableViewController.swift; sourceTree = "<group>"; };
/* End PBXFileReference section */

/* Begin PBXFrameworksBuildPhase section */
		F748D775219A6B9600C4A840 /* Frameworks */ = {
			isa = PBXFrameworksBuildPhase;
			buildActionMask = 2147483647;
			files = (
				4C49E1244A0E28A4C66FC0E0 /* Pods_MomStrong.framework in Frameworks */,
			);
			runOnlyForDeploymentPostprocessing = 0;
		};
/* End PBXFrameworksBuildPhase section */

/* Begin PBXGroup section */
		36D2FD158D7D43E2E6A73D25 /* Pods */ = {
			isa = PBXGroup;
			children = (
				3F14A4A0D86105821CBE2F5A /* Pods-MomStrong.debug.xcconfig */,
				830AB205AB4B322D7623A596 /* Pods-MomStrong.release.xcconfig */,
			);
			name = Pods;
			sourceTree = "<group>";
		};
		DD87F794FB590DA1DC986EE7 /* Frameworks */ = {
			isa = PBXGroup;
			children = (
				C8CACDAEDE89C9FC26351721 /* Pods_MomStrong.framework */,
			);
			name = Frameworks;
			sourceTree = "<group>";
		};
		F733A40C21C9793100C29149 /* fonts */ = {
			isa = PBXGroup;
			children = (
				F7E8189521CD742A00492330 /* Poppins-Light.ttf */,
				F7E8189721CD743600492330 /* Poppins-SemiBold.ttf */,
				F7E8189321CD741E00492330 /* Poppins-ExtraLight.ttf */,
				F733A40D21C9794100C29149 /* Poppins-Regular.ttf */,
			);
			path = fonts;
			sourceTree = "<group>";
		};
		F748D76F219A6B9600C4A840 = {
			isa = PBXGroup;
			children = (
				F748D77A219A6B9600C4A840 /* MomStrong */,
				F748D779219A6B9600C4A840 /* Products */,
				36D2FD158D7D43E2E6A73D25 /* Pods */,
				DD87F794FB590DA1DC986EE7 /* Frameworks */,
			);
			sourceTree = "<group>";
		};
		F748D779219A6B9600C4A840 /* Products */ = {
			isa = PBXGroup;
			children = (
				F748D778219A6B9600C4A840 /* MomStrong.app */,
			);
			name = Products;
			sourceTree = "<group>";
		};
		F748D77A219A6B9600C4A840 /* MomStrong */ = {
			isa = PBXGroup;
			children = (
				F733A40C21C9793100C29149 /* fonts */,
				F749BC5821B84E7500F8A009 /* MomStrong.entitlements */,
				F7D3C03B21A337B1005D6B8F /* Views */,
				F7F03495219DD48700CFD0AE /* ViewControllers */,
				F7F03494219DD47200CFD0AE /* Resources */,
				F7F03491219BEE9500CFD0AE /* Models */,
				F75F6B1621AB67F7007561B3 /* ModelControllers */,
			);
			path = MomStrong;
			sourceTree = "<group>";
		};
		F75F6AF521A88991007561B3 /* Nibs */ = {
			isa = PBXGroup;
			children = (
				F78C6BD521B1BC8600922B3F /* ProgressHeaderView.xib */,
				F741A1AF21CB2CE500C1538B /* GymWorkoutHeader.xib */,
				F741A1B321CB2D5500C1538B /* GymExerciseCell.xib */,
				F741A1BD21CC180F00C1538B /* CircuitHeader.xib */,
				F7EFB76321CC2073008CD7FF /* MarkAsCompleteView.xib */,
			);
			path = Nibs;
			sourceTree = "<group>";
		};
		F75F6AF621A889A3007561B3 /* Storyboards */ = {
			isa = PBXGroup;
			children = (
				F748D77F219A6B9600C4A840 /* Main.storyboard */,
				F7F03485219B904200CFD0AE /* Welcome.storyboard */,
				F7F03487219B971D00CFD0AE /* Info.storyboard */,
				F7F03496219DF4B700CFD0AE /* Gymrat.storyboard */,
				F748D787219A6B9700C4A840 /* LaunchScreen.storyboard */,
				F7F03498219DF53100CFD0AE /* Progress.storyboard */,
				F75F6B1B21AB86A2007561B3 /* MegsMessage.storyboard */,
				F7362B9321C1CDED00391CC7 /* ModalPresentations.storyboard */,
			);
			path = Storyboards;
			sourceTree = "<group>";
		};
		F75F6B0D21AB66C3007561B3 /* Progress */ = {
			isa = PBXGroup;
			children = (
				F75F6B0521AB648C007561B3 /* WeeklyGoalTableViewCell.swift */,
				F75F6B0921AB66AC007561B3 /* CalendarCollectionViewCell.swift */,
				F75F6B0B21AB66B7007561B3 /* MonthCollectionViewCell.swift */,
			);
			path = Progress;
			sourceTree = "<group>";
		};
		F75F6B0E21AB66ED007561B3 /* AtHomeCells */ = {
			isa = PBXGroup;
			children = (
				F7D3C03921A337AB005D6B8F /* AtHomeWorkoutTableViewCell.swift */,
				F7D3C03E21A33F84005D6B8F /* WorkoutSectionTableViewCell.swift */,
				F7E8189921CD79E600492330 /* AtHomeExerciseTableViewCell.swift */,
			);
			path = AtHomeCells;
			sourceTree = "<group>";
		};
		F75F6B0F21AB66FD007561B3 /* GymRatCells */ = {
			isa = PBXGroup;
			children = (
				F741A1B921CB302B00C1538B /* GymRatWorkoutTableViewCell.swift */,
			);
			path = GymRatCells;
			sourceTree = "<group>";
		};
		F75F6B1021AB670A007561B3 /* CustomViews */ = {
			isa = PBXGroup;
			children = (
				F75F6AF921A9E2A7007561B3 /* SelfSizingTableView.swift */,
				F70C157421BAD99200159C80 /* VideoPlayerView.swift */,
				F7E8188E21CD728700492330 /* CustomFontElements */,
				F7EFB76521CC4E6B008CD7FF /* NibViews */,
			);
			path = CustomViews;
			sourceTree = "<group>";
		};
		F75F6B1121AB6724007561B3 /* AtHomeVCs */ = {
			isa = PBXGroup;
			children = (
				F7F0349C219E0E0600CFD0AE /* AtHomeWorkoutTableViewController.swift */,
				F7D3C03C21A33C57005D6B8F /* AtHomeWorkoutDetailViewController.swift */,
			);
			path = AtHomeVCs;
			sourceTree = "<group>";
		};
		F75F6B1221AB6730007561B3 /* GymVCs */ = {
			isa = PBXGroup;
			children = (
				F741A1B721CB2F5800C1538B /* GymWorkoutListTableViewController.swift */,
			);
			path = GymVCs;
			sourceTree = "<group>";
		};
		F75F6B1321AB673A007561B3 /* ProgressVCs */ = {
			isa = PBXGroup;
			children = (
				F75F6AFD21AB5F0A007561B3 /* WeekProgressViewController.swift */,
				F75F6AFF21AB5F16007561B3 /* MonthProgressViewController.swift */,
				F75F6B0121AB5F20007561B3 /* YearProgressViewController.swift */,
				F75F6B0321AB5FED007561B3 /* ProgressViewController.swift */,
			);
			path = ProgressVCs;
			sourceTree = "<group>";
		};
		F75F6B1621AB67F7007561B3 /* ModelControllers */ = {
			isa = PBXGroup;
			children = (
				F75F6B1421AB67C7007561B3 /* UserController.swift */,
				F71938C821AC9A8D00D8D349 /* WorkoutController.swift */,
				F71938CA21ACB7D100D8D349 /* ProgressController.swift */,
				F787C4B121B5A1650066D81C /* VimeoClient.swift */,
				F70C157221BAD81600159C80 /* ChromeCastController.swift */,
				F789034021BEE2F800705BC2 /* NotificationController.swift */,
			);
			path = ModelControllers;
			sourceTree = "<group>";
		};
		F75F6B1D21AB87D6007561B3 /* InfoVCs */ = {
			isa = PBXGroup;
			children = (
				F75F6B1921AB8583007561B3 /* InfoViewController.swift */,
				F789033C21BEDDC700705BC2 /* AccountViewController.swift */,
				F789033E21BEE1FF00705BC2 /* NotificationSettingsViewController.swift */,
				F7362B9521C1CFC900391CC7 /* ModalPopUpViewController.swift */,
				F7AC66F121C31CC80000017A /* ShareViewController.swift */,
				F782C8B021C31F2B00D255F5 /* FollowViewController.swift */,
			);
			path = InfoVCs;
			sourceTree = "<group>";
		};
		F75F6B1E21AB87E1007561B3 /* OtherVCs */ = {
			isa = PBXGroup;
			children = (
				F7F0349A219DFF3600CFD0AE /* MomStrongTabBarController.swift */,
				F7A44BD621BE663E0020D13F /* MegsMessageViewController.swift */,
			);
			path = OtherVCs;
			sourceTree = "<group>";
		};
		F7AF50EE21CD660300C9E950 /* OtherViews */ = {
			isa = PBXGroup;
			children = (
				F7DE981A21C9660700722226 /* PlanTableViewCell.swift */,
			);
			path = OtherViews;
			sourceTree = "<group>";
		};
		F7D3C03B21A337B1005D6B8F /* Views */ = {
			isa = PBXGroup;
			children = (
				F75F6B1021AB670A007561B3 /* CustomViews */,
				F75F6B0E21AB66ED007561B3 /* AtHomeCells */,
				F75F6B0F21AB66FD007561B3 /* GymRatCells */,
				F75F6B0D21AB66C3007561B3 /* Progress */,
				F7AF50EE21CD660300C9E950 /* OtherViews */,
			);
			path = Views;
			sourceTree = "<group>";
		};
		F7E7F3AF21AF09A700BA8FF8 /* WelcomeVCs */ = {
			isa = PBXGroup;
			children = (
				F7E7F3AB21AE0B4E00BA8FF8 /* LaunchCopyViewController.swift */,
				F7E7F3AD21AF09A200BA8FF8 /* WelcomeViewController.swift */,
				F7E7F3B021AF0A0800BA8FF8 /* LoginViewController.swift */,
				F7E7F3B221AF0A1100BA8FF8 /* SignUpViewController.swift */,
				F789034421BF220400705BC2 /* PasswordResetViewController.swift */,
				F7362B9721C1DCB900391CC7 /* PlanListTableViewController.swift */,
			);
			path = WelcomeVCs;
			sourceTree = "<group>";
		};
		F7E8188E21CD728700492330 /* CustomFontElements */ = {
			isa = PBXGroup;
			children = (
				F733A41521C9A3BB00C29149 /* CustomLabel.swift */,
				F733A41721C9A3D300C29149 /* CustomButton.swift */,
				F733A41921C9AB6300C29149 /* CustomTextField.swift */,
				F7E8188C21CD726D00492330 /* PopinsLightLabel.swift */,
				F7E8188F21CD730300492330 /* PoppinsExtraLight.swift */,
				F7E8189121CD732A00492330 /* PoppinsSemiBoldLabel.swift */,
				F760E1C621CDC4200027A9E6 /* PoppinsLightButton.swift */,
			);
			path = CustomFontElements;
			sourceTree = "<group>";
		};
		F7EFB76521CC4E6B008CD7FF /* NibViews */ = {
			isa = PBXGroup;
			children = (
				F78C6BD721B1BD0700922B3F /* ProgressHeaderView.swift */,
				F741A1B121CB2D2500C1538B /* GymWorkoutHeaderView.swift */,
				F741A1B521CB2D7900C1538B /* GymExerciseCell.swift */,
				F7EFB76121CC2050008CD7FF /* MarkAsCompleteView.swift */,
				F741A1BF21CC184A00C1538B /* CircuitHeaderView.swift */,
			);
			path = NibViews;
			sourceTree = "<group>";
		};
		F7F03491219BEE9500CFD0AE /* Models */ = {
			isa = PBXGroup;
			children = (
				F7F0348B219BED7200CFD0AE /* WorkoutService.swift */,
				F787C4B721B5AF3B0066D81C /* Workout.swift */,
				F7F0348D219BEE4400CFD0AE /* Exercise.swift */,
				F7F03492219BEF2100CFD0AE /* User.swift */,
				F7E7F3A721ADF94000BA8FF8 /* UserService.swift */,
				F75F6B0721AB64F5007561B3 /* Goal.swift */,
				F75F6B1721AB71E5007561B3 /* Progress.swift */,
				F71938C621AC978A00D8D349 /* Circuit.swift */,
				F7E7F3B621AF5DBC00BA8FF8 /* WorkoutProgressPoint.swift */,
				F787C4B321B5A2020066D81C /* VimeoInfoObject.swift */,
				F7362B9921C1DE3C00391CC7 /* Plan.swift */,
			);
			path = Models;
			sourceTree = "<group>";
		};
		F7F03494219DD47200CFD0AE /* Resources */ = {
			isa = PBXGroup;
			children = (
				F748D77B219A6B9600C4A840 /* AppDelegate.swift */,
				F748D785219A6B9700C4A840 /* Assets.xcassets */,
				F748D78A219A6B9700C4A840 /* Info.plist */,
				F748D782219A6B9600C4A840 /* MomStrong.xcdatamodeld */,
				F7E7F3A921ADFD9D00BA8FF8 /* CoreDataStack.swift */,
				F75F6AF621A889A3007561B3 /* Storyboards */,
				F75F6AF521A88991007561B3 /* Nibs */,
				F7A44BD221BDE1C60020D13F /* CalenderHelper.swift */,
				F7E7F3B421AF0E4A00BA8FF8 /* ViewControllerExtension.swift */,
				F77926F221B1B068007D9DF9 /* Float.swift */,
				F77926F421B1B252007D9DF9 /* SegmentProgressViewControllerDelegate.swift */,
				F78C6BD921B1C31900922B3F /* StyleGuide.swift */,
				F789034221BF155D00705BC2 /* TransparentNavigationController.swift */,
				F7AC66EF21C255B80000017A /* Button+Extension.swift */,
			);
			path = Resources;
			sourceTree = "<group>";
		};
		F7F03495219DD48700CFD0AE /* ViewControllers */ = {
			isa = PBXGroup;
			children = (
				F75F6B1121AB6724007561B3 /* AtHomeVCs */,
				F75F6B1221AB6730007561B3 /* GymVCs */,
				F75F6B1321AB673A007561B3 /* ProgressVCs */,
				F75F6B1D21AB87D6007561B3 /* InfoVCs */,
				F75F6B1E21AB87E1007561B3 /* OtherVCs */,
				F7E7F3AF21AF09A700BA8FF8 /* WelcomeVCs */,
			);
			path = ViewControllers;
			sourceTree = "<group>";
		};
/* End PBXGroup section */

/* Begin PBXNativeTarget section */
		F748D777219A6B9600C4A840 /* MomStrong */ = {
			isa = PBXNativeTarget;
			buildConfigurationList = F748D78D219A6B9700C4A840 /* Build configuration list for PBXNativeTarget "MomStrong" */;
			buildPhases = (
				C56B4A3ED43022AC2F5C80C7 /* [CP] Check Pods Manifest.lock */,
				F748D774219A6B9600C4A840 /* Sources */,
				F748D775219A6B9600C4A840 /* Frameworks */,
				F748D776219A6B9600C4A840 /* Resources */,
				891D4EB99BF29B3C1242371D /* [CP] Embed Pods Frameworks */,
				B323E2DACB652CF9F07530BB /* [CP] Copy Pods Resources */,
			);
			buildRules = (
			);
			dependencies = (
			);
			name = MomStrong;
			productName = MomStrong;
			productReference = F748D778219A6B9600C4A840 /* MomStrong.app */;
			productType = "com.apple.product-type.application";
		};
/* End PBXNativeTarget section */

/* Begin PBXProject section */
		F748D770219A6B9600C4A840 /* Project object */ = {
			isa = PBXProject;
			attributes = {
				LastSwiftUpdateCheck = 1010;
				LastUpgradeCheck = 1010;
				ORGANIZATIONNAME = trevorAdcock;
				TargetAttributes = {
					F748D777219A6B9600C4A840 = {
						CreatedOnToolsVersion = 10.1;
						LastSwiftMigration = 1010;
						SystemCapabilities = {
							com.apple.AccessWiFi = {
								enabled = 1;
							};
							com.apple.Push = {
								enabled = 1;
							};
						};
					};
				};
			};
			buildConfigurationList = F748D773219A6B9600C4A840 /* Build configuration list for PBXProject "MomStrong" */;
			compatibilityVersion = "Xcode 9.3";
			developmentRegion = en;
			hasScannedForEncodings = 0;
			knownRegions = (
				en,
				Base,
			);
			mainGroup = F748D76F219A6B9600C4A840;
			productRefGroup = F748D779219A6B9600C4A840 /* Products */;
			projectDirPath = "";
			projectRoot = "";
			targets = (
				F748D777219A6B9600C4A840 /* MomStrong */,
			);
		};
/* End PBXProject section */

/* Begin PBXResourcesBuildPhase section */
		F748D776219A6B9600C4A840 /* Resources */ = {
			isa = PBXResourcesBuildPhase;
			buildActionMask = 2147483647;
			files = (
				F748D789219A6B9700C4A840 /* LaunchScreen.storyboard in Resources */,
				F7E8189621CD742A00492330 /* Poppins-Light.ttf in Resources */,
				F7362B9421C1CDED00391CC7 /* ModalPresentations.storyboard in Resources */,
				F741A1B421CB2D5500C1538B /* GymExerciseCell.xib in Resources */,
				F733A40E21C9794100C29149 /* Poppins-Regular.ttf in Resources */,
				F7E8189421CD741E00492330 /* Poppins-ExtraLight.ttf in Resources */,
				F75F6B1C21AB86A2007561B3 /* MegsMessage.storyboard in Resources */,
				F7EFB76421CC2073008CD7FF /* MarkAsCompleteView.xib in Resources */,
				F741A1B021CB2CE500C1538B /* GymWorkoutHeader.xib in Resources */,
				F7F03486219B904200CFD0AE /* Welcome.storyboard in Resources */,
				F78C6BD621B1BC8600922B3F /* ProgressHeaderView.xib in Resources */,
				F748D786219A6B9700C4A840 /* Assets.xcassets in Resources */,
				F7F03488219B971D00CFD0AE /* Info.storyboard in Resources */,
				F7F03499219DF53100CFD0AE /* Progress.storyboard in Resources */,
				F7F03497219DF4B700CFD0AE /* Gymrat.storyboard in Resources */,
				F7E8189821CD743600492330 /* Poppins-SemiBold.ttf in Resources */,
				F741A1BE21CC180F00C1538B /* CircuitHeader.xib in Resources */,
				F748D781219A6B9600C4A840 /* Main.storyboard in Resources */,
			);
			runOnlyForDeploymentPostprocessing = 0;
		};
/* End PBXResourcesBuildPhase section */

/* Begin PBXShellScriptBuildPhase section */
		891D4EB99BF29B3C1242371D /* [CP] Embed Pods Frameworks */ = {
			isa = PBXShellScriptBuildPhase;
			buildActionMask = 2147483647;
			files = (
			);
			inputFileListPaths = (
			);
			inputPaths = (
				"${SRCROOT}/Pods/Target Support Files/Pods-MomStrong/Pods-MomStrong-frameworks.sh",
				"${BUILT_PRODUCTS_DIR}/Protobuf/Protobuf.framework",
			);
			name = "[CP] Embed Pods Frameworks";
			outputFileListPaths = (
			);
			outputPaths = (
				"${TARGET_BUILD_DIR}/${FRAMEWORKS_FOLDER_PATH}/Protobuf.framework",
			);
			runOnlyForDeploymentPostprocessing = 0;
			shellPath = /bin/sh;
			shellScript = "\"${SRCROOT}/Pods/Target Support Files/Pods-MomStrong/Pods-MomStrong-frameworks.sh\"\n";
			showEnvVarsInLog = 0;
		};
		B323E2DACB652CF9F07530BB /* [CP] Copy Pods Resources */ = {
			isa = PBXShellScriptBuildPhase;
			buildActionMask = 2147483647;
			files = (
			);
			inputFileListPaths = (
			);
			inputPaths = (
				"${SRCROOT}/Pods/Target Support Files/Pods-MomStrong/Pods-MomStrong-resources.sh",
				"${PODS_ROOT}/google-cast-sdk/GoogleCastSDK-ios-4.3.3_static/GoogleCast.framework/GoogleCastCoreResources.bundle",
				"${PODS_ROOT}/google-cast-sdk/GoogleCastSDK-ios-4.3.3_static/GoogleCast.framework/GoogleCastUIResources.bundle",
			);
			name = "[CP] Copy Pods Resources";
			outputFileListPaths = (
			);
			outputPaths = (
				"${TARGET_BUILD_DIR}/${UNLOCALIZED_RESOURCES_FOLDER_PATH}/GoogleCastCoreResources.bundle",
				"${TARGET_BUILD_DIR}/${UNLOCALIZED_RESOURCES_FOLDER_PATH}/GoogleCastUIResources.bundle",
			);
			runOnlyForDeploymentPostprocessing = 0;
			shellPath = /bin/sh;
			shellScript = "\"${SRCROOT}/Pods/Target Support Files/Pods-MomStrong/Pods-MomStrong-resources.sh\"\n";
			showEnvVarsInLog = 0;
		};
		C56B4A3ED43022AC2F5C80C7 /* [CP] Check Pods Manifest.lock */ = {
			isa = PBXShellScriptBuildPhase;
			buildActionMask = 2147483647;
			files = (
			);
			inputFileListPaths = (
			);
			inputPaths = (
				"${PODS_PODFILE_DIR_PATH}/Podfile.lock",
				"${PODS_ROOT}/Manifest.lock",
			);
			name = "[CP] Check Pods Manifest.lock";
			outputFileListPaths = (
			);
			outputPaths = (
				"$(DERIVED_FILE_DIR)/Pods-MomStrong-checkManifestLockResult.txt",
			);
			runOnlyForDeploymentPostprocessing = 0;
			shellPath = /bin/sh;
			shellScript = "diff \"${PODS_PODFILE_DIR_PATH}/Podfile.lock\" \"${PODS_ROOT}/Manifest.lock\" > /dev/null\nif [ $? != 0 ] ; then\n    # print error to STDERR\n    echo \"error: The sandbox is not in sync with the Podfile.lock. Run 'pod install' or update your CocoaPods installation.\" >&2\n    exit 1\nfi\n# This output is used by Xcode 'outputs' to avoid re-running this script phase.\necho \"SUCCESS\" > \"${SCRIPT_OUTPUT_FILE_0}\"\n";
			showEnvVarsInLog = 0;
		};
/* End PBXShellScriptBuildPhase section */

/* Begin PBXSourcesBuildPhase section */
		F748D774219A6B9600C4A840 /* Sources */ = {
			isa = PBXSourcesBuildPhase;
			buildActionMask = 2147483647;
			files = (
				F71938C721AC978A00D8D349 /* Circuit.swift in Sources */,
				F741A1B221CB2D2500C1538B /* GymWorkoutHeaderView.swift in Sources */,
				F75F6B1821AB71E5007561B3 /* Progress.swift in Sources */,
				F75F6B0A21AB66AC007561B3 /* CalendarCollectionViewCell.swift in Sources */,
				F7362B9821C1DCB900391CC7 /* PlanListTableViewController.swift in Sources */,
				F70C157321BAD81600159C80 /* ChromeCastController.swift in Sources */,
				F7F0349B219DFF3600CFD0AE /* MomStrongTabBarController.swift in Sources */,
				F7E7F3B721AF5DBC00BA8FF8 /* WorkoutProgressPoint.swift in Sources */,
				F7E7F3AE21AF09A200BA8FF8 /* WelcomeViewController.swift in Sources */,
				F7E7F3B321AF0A1100BA8FF8 /* SignUpViewController.swift in Sources */,
				F77926F521B1B252007D9DF9 /* SegmentProgressViewControllerDelegate.swift in Sources */,
				F7D3C03A21A337AB005D6B8F /* AtHomeWorkoutTableViewCell.swift in Sources */,
				F733A41821C9A3D300C29149 /* CustomButton.swift in Sources */,
				F7A44BD321BDE1C60020D13F /* CalenderHelper.swift in Sources */,
				F75F6B0421AB5FED007561B3 /* ProgressViewController.swift in Sources */,
				F7DE981B21C9660700722226 /* PlanTableViewCell.swift in Sources */,
				F7E7F3AA21ADFD9D00BA8FF8 /* CoreDataStack.swift in Sources */,
				F741A1C021CC184A00C1538B /* CircuitHeaderView.swift in Sources */,
				F7D3C03F21A33F84005D6B8F /* WorkoutSectionTableViewCell.swift in Sources */,
				F7EFB76221CC2050008CD7FF /* MarkAsCompleteView.swift in Sources */,
				F733A41621C9A3BB00C29149 /* CustomLabel.swift in Sources */,
				F78C6BDA21B1C31900922B3F /* StyleGuide.swift in Sources */,
				F7F0349D219E0E0600CFD0AE /* AtHomeWorkoutTableViewController.swift in Sources */,
				F7362B9A21C1DE3C00391CC7 /* Plan.swift in Sources */,
				F75F6AFA21A9E2A7007561B3 /* SelfSizingTableView.swift in Sources */,
				F75F6B1A21AB8583007561B3 /* InfoViewController.swift in Sources */,
				F789034521BF220400705BC2 /* PasswordResetViewController.swift in Sources */,
				F7D3C03D21A33C57005D6B8F /* AtHomeWorkoutDetailViewController.swift in Sources */,
				F7E8189A21CD79E600492330 /* AtHomeExerciseTableViewCell.swift in Sources */,
				F7E7F3A821ADF94000BA8FF8 /* UserService.swift in Sources */,
				F760E1C721CDC4200027A9E6 /* PoppinsLightButton.swift in Sources */,
				F7E8189021CD730300492330 /* PoppinsExtraLight.swift in Sources */,
				F75F6B0221AB5F20007561B3 /* YearProgressViewController.swift in Sources */,
				F789034121BEE2F800705BC2 /* NotificationController.swift in Sources */,
				F7E7F3B521AF0E4A00BA8FF8 /* ViewControllerExtension.swift in Sources */,
				F7362B9621C1CFC900391CC7 /* ModalPopUpViewController.swift in Sources */,
				F748D77C219A6B9600C4A840 /* AppDelegate.swift in Sources */,
				F7AC66F021C255B80000017A /* Button+Extension.swift in Sources */,
				F787C4B821B5AF3B0066D81C /* Workout.swift in Sources */,
				F787C4B221B5A1650066D81C /* VimeoClient.swift in Sources */,
				F789033F21BEE1FF00705BC2 /* NotificationSettingsViewController.swift in Sources */,
				F789033D21BEDDC700705BC2 /* AccountViewController.swift in Sources */,
				F782C8B121C31F2B00D255F5 /* FollowViewController.swift in Sources */,
				F7E8188D21CD726D00492330 /* PopinsLightLabel.swift in Sources */,
				F7F03493219BEF2100CFD0AE /* User.swift in Sources */,
				F741A1B821CB2F5800C1538B /* GymWorkoutListTableViewController.swift in Sources */,
				F7E7F3AC21AE0B4E00BA8FF8 /* LaunchCopyViewController.swift in Sources */,
				F7E8189221CD732A00492330 /* PoppinsSemiBoldLabel.swift in Sources */,
				F75F6AFE21AB5F0A007561B3 /* WeekProgressViewController.swift in Sources */,
				F78C6BD821B1BD0700922B3F /* ProgressHeaderView.swift in Sources */,
				F789034321BF155D00705BC2 /* TransparentNavigationController.swift in Sources */,
				F7A44BD721BE663E0020D13F /* MegsMessageViewController.swift in Sources */,
				F7AC66F221C31CC80000017A /* ShareViewController.swift in Sources */,
				F71938C921AC9A8D00D8D349 /* WorkoutController.swift in Sources */,
				F75F6B0C21AB66B7007561B3 /* MonthCollectionViewCell.swift in Sources */,
				F741A1BA21CB302B00C1538B /* GymRatWorkoutTableViewCell.swift in Sources */,
				F71938CB21ACB7D100D8D349 /* ProgressController.swift in Sources */,
				F75F6B0621AB648C007561B3 /* WeeklyGoalTableViewCell.swift in Sources */,
				F75F6B1521AB67C7007561B3 /* UserController.swift in Sources */,
				F733A41A21C9AB6300C29149 /* CustomTextField.swift in Sources */,
				F748D784219A6B9600C4A840 /* MomStrong.xcdatamodeld in Sources */,
				F741A1B621CB2D7900C1538B /* GymExerciseCell.swift in Sources */,
				F787C4B421B5A2020066D81C /* VimeoInfoObject.swift in Sources */,
				F7E7F3B121AF0A0800BA8FF8 /* LoginViewController.swift in Sources */,
				F75F6B0021AB5F16007561B3 /* MonthProgressViewController.swift in Sources */,
				F7F0348C219BED7200CFD0AE /* WorkoutService.swift in Sources */,
				F77926F321B1B068007D9DF9 /* Float.swift in Sources */,
				F75F6B0821AB64F5007561B3 /* Goal.swift in Sources */,
				F7F0348E219BEE4400CFD0AE /* Exercise.swift in Sources */,
				F70C157521BAD99200159C80 /* VideoPlayerView.swift in Sources */,
			);
			runOnlyForDeploymentPostprocessing = 0;
		};
/* End PBXSourcesBuildPhase section */

/* Begin PBXVariantGroup section */
		F748D77F219A6B9600C4A840 /* Main.storyboard */ = {
			isa = PBXVariantGroup;
			children = (
				F748D780219A6B9600C4A840 /* Base */,
			);
			name = Main.storyboard;
			sourceTree = "<group>";
		};
		F748D787219A6B9700C4A840 /* LaunchScreen.storyboard */ = {
			isa = PBXVariantGroup;
			children = (
				F748D788219A6B9700C4A840 /* Base */,
			);
			name = LaunchScreen.storyboard;
			sourceTree = "<group>";
		};
/* End PBXVariantGroup section */

/* Begin XCBuildConfiguration section */
		F748D78B219A6B9700C4A840 /* Debug */ = {
			isa = XCBuildConfiguration;
			buildSettings = {
				ALWAYS_SEARCH_USER_PATHS = NO;
				CLANG_ANALYZER_NONNULL = YES;
				CLANG_ANALYZER_NUMBER_OBJECT_CONVERSION = YES_AGGRESSIVE;
				CLANG_CXX_LANGUAGE_STANDARD = "gnu++14";
				CLANG_CXX_LIBRARY = "libc++";
				CLANG_ENABLE_MODULES = YES;
				CLANG_ENABLE_OBJC_ARC = YES;
				CLANG_ENABLE_OBJC_WEAK = YES;
				CLANG_WARN_BLOCK_CAPTURE_AUTORELEASING = YES;
				CLANG_WARN_BOOL_CONVERSION = YES;
				CLANG_WARN_COMMA = YES;
				CLANG_WARN_CONSTANT_CONVERSION = YES;
				CLANG_WARN_DEPRECATED_OBJC_IMPLEMENTATIONS = YES;
				CLANG_WARN_DIRECT_OBJC_ISA_USAGE = YES_ERROR;
				CLANG_WARN_DOCUMENTATION_COMMENTS = YES;
				CLANG_WARN_EMPTY_BODY = YES;
				CLANG_WARN_ENUM_CONVERSION = YES;
				CLANG_WARN_INFINITE_RECURSION = YES;
				CLANG_WARN_INT_CONVERSION = YES;
				CLANG_WARN_NON_LITERAL_NULL_CONVERSION = YES;
				CLANG_WARN_OBJC_IMPLICIT_RETAIN_SELF = YES;
				CLANG_WARN_OBJC_LITERAL_CONVERSION = YES;
				CLANG_WARN_OBJC_ROOT_CLASS = YES_ERROR;
				CLANG_WARN_RANGE_LOOP_ANALYSIS = YES;
				CLANG_WARN_STRICT_PROTOTYPES = YES;
				CLANG_WARN_SUSPICIOUS_MOVE = YES;
				CLANG_WARN_UNGUARDED_AVAILABILITY = YES_AGGRESSIVE;
				CLANG_WARN_UNREACHABLE_CODE = YES;
				CLANG_WARN__DUPLICATE_METHOD_MATCH = YES;
				CODE_SIGN_IDENTITY = "iPhone Developer";
				COPY_PHASE_STRIP = NO;
				DEBUG_INFORMATION_FORMAT = dwarf;
				ENABLE_STRICT_OBJC_MSGSEND = YES;
				ENABLE_TESTABILITY = YES;
				GCC_C_LANGUAGE_STANDARD = gnu11;
				GCC_DYNAMIC_NO_PIC = NO;
				GCC_NO_COMMON_BLOCKS = YES;
				GCC_OPTIMIZATION_LEVEL = 0;
				GCC_PREPROCESSOR_DEFINITIONS = (
					"DEBUG=1",
					"$(inherited)",
				);
				GCC_WARN_64_TO_32_BIT_CONVERSION = YES;
				GCC_WARN_ABOUT_RETURN_TYPE = YES_ERROR;
				GCC_WARN_UNDECLARED_SELECTOR = YES;
				GCC_WARN_UNINITIALIZED_AUTOS = YES_AGGRESSIVE;
				GCC_WARN_UNUSED_FUNCTION = YES;
				GCC_WARN_UNUSED_VARIABLE = YES;
				IPHONEOS_DEPLOYMENT_TARGET = 12.1;
				MTL_ENABLE_DEBUG_INFO = INCLUDE_SOURCE;
				MTL_FAST_MATH = YES;
				ONLY_ACTIVE_ARCH = YES;
				SDKROOT = iphoneos;
				SWIFT_ACTIVE_COMPILATION_CONDITIONS = DEBUG;
				SWIFT_OPTIMIZATION_LEVEL = "-Onone";
			};
			name = Debug;
		};
		F748D78C219A6B9700C4A840 /* Release */ = {
			isa = XCBuildConfiguration;
			buildSettings = {
				ALWAYS_SEARCH_USER_PATHS = NO;
				CLANG_ANALYZER_NONNULL = YES;
				CLANG_ANALYZER_NUMBER_OBJECT_CONVERSION = YES_AGGRESSIVE;
				CLANG_CXX_LANGUAGE_STANDARD = "gnu++14";
				CLANG_CXX_LIBRARY = "libc++";
				CLANG_ENABLE_MODULES = YES;
				CLANG_ENABLE_OBJC_ARC = YES;
				CLANG_ENABLE_OBJC_WEAK = YES;
				CLANG_WARN_BLOCK_CAPTURE_AUTORELEASING = YES;
				CLANG_WARN_BOOL_CONVERSION = YES;
				CLANG_WARN_COMMA = YES;
				CLANG_WARN_CONSTANT_CONVERSION = YES;
				CLANG_WARN_DEPRECATED_OBJC_IMPLEMENTATIONS = YES;
				CLANG_WARN_DIRECT_OBJC_ISA_USAGE = YES_ERROR;
				CLANG_WARN_DOCUMENTATION_COMMENTS = YES;
				CLANG_WARN_EMPTY_BODY = YES;
				CLANG_WARN_ENUM_CONVERSION = YES;
				CLANG_WARN_INFINITE_RECURSION = YES;
				CLANG_WARN_INT_CONVERSION = YES;
				CLANG_WARN_NON_LITERAL_NULL_CONVERSION = YES;
				CLANG_WARN_OBJC_IMPLICIT_RETAIN_SELF = YES;
				CLANG_WARN_OBJC_LITERAL_CONVERSION = YES;
				CLANG_WARN_OBJC_ROOT_CLASS = YES_ERROR;
				CLANG_WARN_RANGE_LOOP_ANALYSIS = YES;
				CLANG_WARN_STRICT_PROTOTYPES = YES;
				CLANG_WARN_SUSPICIOUS_MOVE = YES;
				CLANG_WARN_UNGUARDED_AVAILABILITY = YES_AGGRESSIVE;
				CLANG_WARN_UNREACHABLE_CODE = YES;
				CLANG_WARN__DUPLICATE_METHOD_MATCH = YES;
				CODE_SIGN_IDENTITY = "iPhone Developer";
				COPY_PHASE_STRIP = NO;
				DEBUG_INFORMATION_FORMAT = "dwarf-with-dsym";
				ENABLE_NS_ASSERTIONS = NO;
				ENABLE_STRICT_OBJC_MSGSEND = YES;
				GCC_C_LANGUAGE_STANDARD = gnu11;
				GCC_NO_COMMON_BLOCKS = YES;
				GCC_WARN_64_TO_32_BIT_CONVERSION = YES;
				GCC_WARN_ABOUT_RETURN_TYPE = YES_ERROR;
				GCC_WARN_UNDECLARED_SELECTOR = YES;
				GCC_WARN_UNINITIALIZED_AUTOS = YES_AGGRESSIVE;
				GCC_WARN_UNUSED_FUNCTION = YES;
				GCC_WARN_UNUSED_VARIABLE = YES;
				IPHONEOS_DEPLOYMENT_TARGET = 12.1;
				MTL_ENABLE_DEBUG_INFO = NO;
				MTL_FAST_MATH = YES;
				SDKROOT = iphoneos;
				SWIFT_COMPILATION_MODE = wholemodule;
				SWIFT_OPTIMIZATION_LEVEL = "-O";
				VALIDATE_PRODUCT = YES;
			};
			name = Release;
		};
		F748D78E219A6B9700C4A840 /* Debug */ = {
			isa = XCBuildConfiguration;
			baseConfigurationReference = 3F14A4A0D86105821CBE2F5A /* Pods-MomStrong.debug.xcconfig */;
			buildSettings = {
				ASSETCATALOG_COMPILER_APPICON_NAME = AppIcon;
				CLANG_ENABLE_MODULES = YES;
				CODE_SIGN_ENTITLEMENTS = MomStrong/MomStrong.entitlements;
				CODE_SIGN_STYLE = Automatic;
				DEVELOPMENT_TEAM = S9BDAN7TQ8;
				INFOPLIST_FILE = "$(SRCROOT)/MomStrong/Resources/Info.plist";
				IPHONEOS_DEPLOYMENT_TARGET = 11.0;
				LD_RUNPATH_SEARCH_PATHS = (
					"$(inherited)",
					"@executable_path/Frameworks",
				);
				PRODUCT_BUNDLE_IDENTIFIER = com.momstrong.MomStrong;
				PRODUCT_NAME = "$(TARGET_NAME)";
				SWIFT_OPTIMIZATION_LEVEL = "-Onone";
				SWIFT_VERSION = 4.2;
				TARGETED_DEVICE_FAMILY = "1,2";
			};
			name = Debug;
		};
		F748D78F219A6B9700C4A840 /* Release */ = {
			isa = XCBuildConfiguration;
			baseConfigurationReference = 830AB205AB4B322D7623A596 /* Pods-MomStrong.release.xcconfig */;
			buildSettings = {
				ASSETCATALOG_COMPILER_APPICON_NAME = AppIcon;
				CLANG_ENABLE_MODULES = YES;
				CODE_SIGN_ENTITLEMENTS = MomStrong/MomStrong.entitlements;
				CODE_SIGN_STYLE = Automatic;
				DEVELOPMENT_TEAM = S9BDAN7TQ8;
				INFOPLIST_FILE = "$(SRCROOT)/MomStrong/Resources/Info.plist";
				IPHONEOS_DEPLOYMENT_TARGET = 11.0;
				LD_RUNPATH_SEARCH_PATHS = (
					"$(inherited)",
					"@executable_path/Frameworks",
				);
				PRODUCT_BUNDLE_IDENTIFIER = com.momstrong.MomStrong;
				PRODUCT_NAME = "$(TARGET_NAME)";
				SWIFT_VERSION = 4.2;
				TARGETED_DEVICE_FAMILY = "1,2";
			};
			name = Release;
		};
/* End XCBuildConfiguration section */

/* Begin XCConfigurationList section */
		F748D773219A6B9600C4A840 /* Build configuration list for PBXProject "MomStrong" */ = {
			isa = XCConfigurationList;
			buildConfigurations = (
				F748D78B219A6B9700C4A840 /* Debug */,
				F748D78C219A6B9700C4A840 /* Release */,
			);
			defaultConfigurationIsVisible = 0;
			defaultConfigurationName = Release;
		};
		F748D78D219A6B9700C4A840 /* Build configuration list for PBXNativeTarget "MomStrong" */ = {
			isa = XCConfigurationList;
			buildConfigurations = (
				F748D78E219A6B9700C4A840 /* Debug */,
				F748D78F219A6B9700C4A840 /* Release */,
			);
			defaultConfigurationIsVisible = 0;
			defaultConfigurationName = Release;
		};
/* End XCConfigurationList section */

/* Begin XCVersionGroup section */
		F748D782219A6B9600C4A840 /* MomStrong.xcdatamodeld */ = {
			isa = XCVersionGroup;
			children = (
				F748D783219A6B9600C4A840 /* MomStrong.xcdatamodel */,
			);
			currentVersion = F748D783219A6B9600C4A840 /* MomStrong.xcdatamodel */;
			path = MomStrong.xcdatamodeld;
			sourceTree = "<group>";
			versionGroupType = wrapper.xcdatamodel;
		};
/* End XCVersionGroup section */
	};
	rootObject = F748D770219A6B9600C4A840 /* Project object */;
}
